
Microsoft Visual Studio Solution File, Format Version 12.00
# Visual Studio Version 17
VisualStudioVersion = 17.2.32420.363
MinimumVisualStudioVersion = 10.0.40219.1
Project("{FAE04EC0-301F-11D3-BF4B-00C04F79EFBC}") = "WebApplication5git", "WebApplication5git\WebApplication5git.csproj", "{805CAD69-EA6E-4D37-B239-F16FE4431FBA}"
EndProject
Global
	GlobalSection(SolutionConfigurationPlatforms) = preSolution
		Debug|Any CPU = Debug|Any CPU
		Release|Any CPU = Release|Any CPU
	EndGlobalSection
	GlobalSection(ProjectConfigurationPlatforms) = postSolution
		{805CAD69-EA6E-4D37-B239-F16FE4431FBA}.Debug|Any CPU.ActiveCfg = Debug|Any CPU
		{805CAD69-EA6E-4D37-B239-F16FE4431FBA}.Debug|Any CPU.Build.0 = Debug|Any CPU
		{805CAD69-EA6E-4D37-B239-F16FE4431FBA}.Release|Any CPU.ActiveCfg = Release|Any CPU
		{805CAD69-EA6E-4D37-B239-F16FE4431FBA}.Release|Any CPU.Build.0 = Release|Any CPU
	EndGlobalSection
	GlobalSection(SolutionProperties) = preSolution
		HideSolutionNode = FALSE
	EndGlobalSection
	GlobalSection(ExtensibilityGlobals) = postSolution
		SolutionGuid = {DC144599-EB01-42E7-AD0C-E153A711DD5D}
	EndGlobalSection
EndGlobal
